
Microsoft Visual Studio Solution File, Format Version 12.00
# Visual Studio Version 17
VisualStudioVersion = 17.0.32112.339
MinimumVisualStudioVersion = 10.0.40219.1
Project("{FAE04EC0-301F-11D3-BF4B-00C04F79EFBC}") = "ProjektWeb", "ProjektWeb\ProjektWeb.csproj", "{18E36BDC-0614-419F-BF2C-4A88CDF98080}"
EndProject
Global
	GlobalSection(SolutionConfigurationPlatforms) = preSolution
		Debug|Any CPU = Debug|Any CPU
		Release|Any CPU = Release|Any CPU
	EndGlobalSection
	GlobalSection(ProjectConfigurationPlatforms) = postSolution
		{18E36BDC-0614-419F-BF2C-4A88CDF98080}.Debug|Any CPU.ActiveCfg = Debug|Any CPU
		{18E36BDC-0614-419F-BF2C-4A88CDF98080}.Debug|Any CPU.Build.0 = Debug|Any CPU
		{18E36BDC-0614-419F-BF2C-4A88CDF98080}.Release|Any CPU.ActiveCfg = Release|Any CPU
		{18E36BDC-0614-419F-BF2C-4A88CDF98080}.Release|Any CPU.Build.0 = Release|Any CPU
	EndGlobalSection
	GlobalSection(SolutionProperties) = preSolution
		HideSolutionNode = FALSE
	EndGlobalSection
	GlobalSection(ExtensibilityGlobals) = postSolution
		SolutionGuid = {34461710-B558-4571-9D05-C1E8DD242DB9}
	EndGlobalSection
EndGlobal
